<?xml version="1.0" encoding="utf-8"?>
<Project ToolsVersion="4.0" xmlns="http://schemas.microsoft.com/developer/msbuild/2003">
  <ItemGroup>
    <Filter Include="Source Files">
      <UniqueIdentifier>{4FC737F1-C7A5-4376-A066-2A32D752A2FF}</UniqueIdentifier>
      <Extensions>cpp;c;cc;cxx;c++;cppm;ixx;def;odl;idl;hpj;bat;asm;asmx</Extensions>
    </Filter>
    <Filter Include="Header Files">
      <UniqueIdentifier>{93995380-89BD-4b04-88EB-625FBE52EBFB}</UniqueIdentifier>
      <Extensions>h;hh;hpp;hxx;h++;hm;inl;inc;ipp;xsd</Extensions>
    </Filter>
    <Filter Include="Resource Files">
      <UniqueIdentifier>{67DA6AB6-F800-4c08-8B7A-83BB121AAD01}</UniqueIdentifier>
      <Extensions>rc;ico;cur;bmp;dlg;rc2;rct;bin;rgs;gif;jpg;jpeg;jpe;resx;tiff;tif;png;wav;mfcribbon-ms</Extensions>
    </Filter>
    <Filter Include="Shaders">
      <UniqueIdentifier>{61294e91-6bae-4d1f-a00f-2878d2a42fbd}</UniqueIdentifier>
    </Filter>
    <Filter Include="Source Files\Objects">
      <UniqueIdentifier>{9cbfebfd-d932-4f4b-b545-7f592ba22a8b}</UniqueIdentifier>
    </Filter>
    <Filter Include="Source Files\Transformations">
      <UniqueIdentifier>{d3060dc4-5c81-4015-8254-567547a99f7a}</UniqueIdentifier>
    </Filter>
    <Filter Include="Source Files\Scenes">
      <UniqueIdentifier>{c376b688-c99b-4191-a429-ca49fd0d0738}</UniqueIdentifier>
    </Filter>
    <Filter Include="Source Files\ShaderManagement">
      <UniqueIdentifier>{c0068b08-9c52-4037-829c-689bd979aec7}</UniqueIdentifier>
    </Filter>
    <Filter Include="Source Files\Core">
      <UniqueIdentifier>{e92e2cae-d4c7-4fa1-9dff-ed6e1a3a6b6a}</UniqueIdentifier>
    </Filter>
    <Filter Include="Header Files\Core">
      <UniqueIdentifier>{c0d237b2-a0da-4b3c-8eb4-dccdb497d81f}</UniqueIdentifier>
    </Filter>
    <Filter Include="Header Files\ShaderManagement">
      <UniqueIdentifier>{4963d95a-4d7e-4f3e-bfdd-1cc6599fea99}</UniqueIdentifier>
    </Filter>
    <Filter Include="Header Files\Objects">
      <UniqueIdentifier>{afa1f5be-d3b6-416a-8784-e15e35240e8e}</UniqueIdentifier>
    </Filter>
    <Filter Include="Header Files\Transformations">
      <UniqueIdentifier>{97d446d7-36d8-4674-b52d-01c0f5d7cb05}</UniqueIdentifier>
    </Filter>
    <Filter Include="Header Files\Scenes">
      <UniqueIdentifier>{4e3e204e-94c6-4542-8e5c-1190d9b59655}</UniqueIdentifier>
    </Filter>
    <Filter Include="Source Files\Lights">
      <UniqueIdentifier>{d04160ed-015a-4353-88a5-fbc8ea2226b4}</UniqueIdentifier>
    </Filter>
    <Filter Include="Header Files\Lights">
      <UniqueIdentifier>{ba2395a0-72ae-4171-8e0d-4139a69c12e8}</UniqueIdentifier>
    </Filter>
    <Filter Include="Source Files\ObjectComponents">
      <UniqueIdentifier>{83c996e2-57e3-4674-82f8-085cdc135751}</UniqueIdentifier>
    </Filter>
    <Filter Include="Header Files\ObjectComponents">
      <UniqueIdentifier>{af4c4bc1-14a9-4464-9993-7cdb6e597808}</UniqueIdentifier>
    </Filter>
    <Filter Include="Resource Files\Textures">
      <UniqueIdentifier>{ff33dd66-0640-434e-a380-7ffe2b0191b9}</UniqueIdentifier>
    </Filter>
    <Filter Include="Resource Files\Models">
      <UniqueIdentifier>{9886e511-276e-4644-8eb8-b6827337f4c0}</UniqueIdentifier>
    </Filter>
  </ItemGroup>
  <ItemGroup>
    <ClCompile Include="src\Objects\Bush.cpp">
      <Filter>Source Files\Objects</Filter>
    </ClCompile>
    <ClCompile Include="src\Objects\Rectangle.cpp">
      <Filter>Source Files\Objects</Filter>
    </ClCompile>
    <ClCompile Include="src\Objects\Sphere.cpp">
      <Filter>Source Files\Objects</Filter>
    </ClCompile>
    <ClCompile Include="src\Objects\Tree.cpp">
      <Filter>Source Files\Objects</Filter>
    </ClCompile>
    <ClCompile Include="src\Objects\Triangle.cpp">
      <Filter>Source Files\Objects</Filter>
    </ClCompile>
    <ClCompile Include="src\Lights\Light.cpp">
      <Filter>Source Files\Lights</Filter>
    </ClCompile>
    <ClCompile Include="src\Lights\PointLight.cpp">
      <Filter>Source Files\Lights</Filter>
    </ClCompile>
    <ClCompile Include="src\Scenes\Scene.cpp">
      <Filter>Source Files\Scenes</Filter>
    </ClCompile>
    <ClCompile Include="src\Scenes\SceneFour.cpp">
      <Filter>Source Files\Scenes</Filter>
    </ClCompile>
    <ClCompile Include="src\Scenes\SceneOne.cpp">
      <Filter>Source Files\Scenes</Filter>
    </ClCompile>
    <ClCompile Include="src\Scenes\SceneThree.cpp">
      <Filter>Source Files\Scenes</Filter>
    </ClCompile>
    <ClCompile Include="src\Scenes\SceneTwo.cpp">
      <Filter>Source Files\Scenes</Filter>
    </ClCompile>
    <ClCompile Include="src\Core\Application.cpp">
      <Filter>Source Files\Core</Filter>
    </ClCompile>
    <ClCompile Include="src\Core\Camera.cpp">
      <Filter>Source Files\Core</Filter>
    </ClCompile>
    <ClCompile Include="src\Core\main.cpp">
      <Filter>Source Files\Core</Filter>
    </ClCompile>
    <ClCompile Include="src\ShaderManagement\Shader.cpp">
      <Filter>Source Files\ShaderManagement</Filter>
    </ClCompile>
    <ClCompile Include="src\Transformations\TransformationComponent.cpp">
      <Filter>Source Files\Transformations</Filter>
    </ClCompile>
    <ClCompile Include="src\Core\Controller.cpp">
      <Filter>Source Files\Core</Filter>
    </ClCompile>
    <ClCompile Include="src\Lights\DirectionalLight.cpp">
      <Filter>Source Files\Lights</Filter>
    </ClCompile>
    <ClCompile Include="src\ObjectComponents\DrawableObject.cpp">
      <Filter>Source Files\ObjectComponents</Filter>
    </ClCompile>
    <ClCompile Include="src\ObjectComponents\Model.cpp">
      <Filter>Source Files\ObjectComponents</Filter>
    </ClCompile>
    <ClCompile Include="src\ObjectComponents\IndexBuffer.cpp">
      <Filter>Source Files\ObjectComponents</Filter>
    </ClCompile>
    <ClCompile Include="src\ObjectComponents\VertexArray.cpp">
      <Filter>Source Files\ObjectComponents</Filter>
    </ClCompile>
    <ClCompile Include="src\ObjectComponents\VertexBuffer.cpp">
      <Filter>Source Files\ObjectComponents</Filter>
    </ClCompile>
    <ClCompile Include="src\Core\stb_image.cpp">
      <Filter>Source Files\Core</Filter>
    </ClCompile>
    <ClCompile Include="src\ObjectComponents\Texture.cpp">
      <Filter>Source Files\ObjectComponents</Filter>
    </ClCompile>
    <ClCompile Include="src\Objects\Tetrahedron.cpp">
      <Filter>Source Files\Objects</Filter>
    </ClCompile>
    <ClCompile Include="src\ObjectComponents\Mesh.cpp">
      <Filter>Source Files\ObjectComponents</Filter>
    </ClCompile>
    <ClCompile Include="src\ObjectComponents\ModelObject.cpp">
      <Filter>Source Files\ObjectComponents</Filter>
    </ClCompile>
    <ClCompile Include="src\Core\Skybox.cpp">
      <Filter>Source Files\Core</Filter>
    </ClCompile>
  </ItemGroup>
  <ItemGroup>
    <ClInclude Include="include\Core\Application.h">
      <Filter>Header Files\Core</Filter>
    </ClInclude>
    <ClInclude Include="include\Core\Camera.h">
      <Filter>Header Files\Core</Filter>
    </ClInclude>
    <ClInclude Include="include\Lights\Light.h">
      <Filter>Header Files\Lights</Filter>
    </ClInclude>
    <ClInclude Include="include\Lights\PointLight.h">
      <Filter>Header Files\Lights</Filter>
    </ClInclude>
    <ClInclude Include="include\Objects\Bush.h">
      <Filter>Header Files\Objects</Filter>
    </ClInclude>
    <ClInclude Include="include\Objects\Rectangle.h">
      <Filter>Header Files\Objects</Filter>
    </ClInclude>
    <ClInclude Include="include\Objects\Sphere.h">
      <Filter>Header Files\Objects</Filter>
    </ClInclude>
    <ClInclude Include="include\Objects\Tree.h">
      <Filter>Header Files\Objects</Filter>
    </ClInclude>
    <ClInclude Include="include\Objects\Triangle.h">
      <Filter>Header Files\Objects</Filter>
    </ClInclude>
    <ClInclude Include="include\Scenes\Scene.h">
      <Filter>Header Files\Scenes</Filter>
    </ClInclude>
    <ClInclude Include="include\Scenes\SceneFour.h">
      <Filter>Header Files\Scenes</Filter>
    </ClInclude>
    <ClInclude Include="include\Scenes\SceneOne.h">
      <Filter>Header Files\Scenes</Filter>
    </ClInclude>
    <ClInclude Include="include\Scenes\SceneThree.h">
      <Filter>Header Files\Scenes</Filter>
    </ClInclude>
    <ClInclude Include="include\Scenes\SceneTwo.h">
      <Filter>Header Files\Scenes</Filter>
    </ClInclude>
    <ClInclude Include="include\ShaderManagement\Shader.h">
      <Filter>Header Files\ShaderManagement</Filter>
    </ClInclude>
    <ClInclude Include="include\Transformations\Rotate.h">
      <Filter>Header Files\Transformations</Filter>
    </ClInclude>
    <ClInclude Include="include\Transformations\Scale.h">
      <Filter>Header Files\Transformations</Filter>
    </ClInclude>
    <ClInclude Include="include\Transformations\Transformation.h">
      <Filter>Header Files\Transformations</Filter>
    </ClInclude>
    <ClInclude Include="include\Transformations\Translate.h">
      <Filter>Header Files\Transformations</Filter>
    </ClInclude>
    <ClInclude Include="include\Core\CameraObserver.h">
      <Filter>Header Files\Core</Filter>
    </ClInclude>
    <ClInclude Include="include\Core\Controller.h">
      <Filter>Header Files\Core</Filter>
    </ClInclude>
    <ClInclude Include="include\Transformations\DynamicRotate.h">
      <Filter>Header Files\Transformations</Filter>
    </ClInclude>
    <ClInclude Include="include\Transformations\TransformationComponent.h">
      <Filter>Header Files\Transformations</Filter>
    </ClInclude>
    <ClInclude Include="include\Lights\LightObserver.h">
      <Filter>Header Files\Lights</Filter>
    </ClInclude>
    <ClInclude Include="include\Lights\DirectionalLight.h">
      <Filter>Header Files\Lights</Filter>
    </ClInclude>
    <ClInclude Include="include\ObjectComponents\DrawableObject.h">
      <Filter>Header Files\ObjectComponents</Filter>
    </ClInclude>
    <ClInclude Include="include\ObjectComponents\Model.h">
      <Filter>Header Files\ObjectComponents</Filter>
    </ClInclude>
    <ClInclude Include="include\ObjectComponents\IndexBuffer.h">
      <Filter>Header Files\ObjectComponents</Filter>
    </ClInclude>
    <ClInclude Include="include\ObjectComponents\VertexBufferLayout.h">
      <Filter>Header Files\ObjectComponents</Filter>
    </ClInclude>
    <ClInclude Include="include\ObjectComponents\VertexArray.h">
      <Filter>Header Files\ObjectComponents</Filter>
    </ClInclude>
    <ClInclude Include="include\ObjectComponents\Texture.h">
      <Filter>Header Files\ObjectComponents</Filter>
    </ClInclude>
    <ClInclude Include="include\ObjectComponents\Mesh.h">
      <Filter>Header Files\ObjectComponents</Filter>
    </ClInclude>
    <ClInclude Include="include\ObjectComponents\ModelObject.h">
      <Filter>Header Files\ObjectComponents</Filter>
    </ClInclude>
    <ClInclude Include="resources\Models\bushes.h">
      <Filter>Resource Files\Models</Filter>
    </ClInclude>
    <ClInclude Include="resources\Models\gift.h">
      <Filter>Resource Files\Models</Filter>
    </ClInclude>
    <ClInclude Include="resources\Models\plain.h">
      <Filter>Resource Files\Models</Filter>
    </ClInclude>
    <ClInclude Include="resources\Models\Rectangle.h">
      <Filter>Resource Files\Models</Filter>
    </ClInclude>
    <ClInclude Include="resources\Models\sphere.h">
      <Filter>Resource Files\Models</Filter>
    </ClInclude>
    <ClInclude Include="resources\Models\suzi_flat.h">
      <Filter>Resource Files\Models</Filter>
    </ClInclude>
    <ClInclude Include="resources\Models\suzi_smooth.h">
      <Filter>Resource Files\Models</Filter>
    </ClInclude>
    <ClInclude Include="resources\Models\tetrahedron.h">
      <Filter>Resource Files\Models</Filter>
    </ClInclude>
    <ClInclude Include="resources\Models\tree.h">
      <Filter>Resource Files\Models</Filter>
    </ClInclude>
    <ClInclude Include="include\ObjectComponents\Material.h">
      <Filter>Header Files\ObjectComponents</Filter>
    </ClInclude>
    <ClInclude Include="include\Core\Skybox.h">
      <Filter>Header Files\Core</Filter>
    </ClInclude>
    <ClInclude Include="resources\Models\skycube.h">
      <Filter>Resource Files\Models</Filter>
    </ClInclude>
  </ItemGroup>
  <ItemGroup>
    <None Include="vertexShaderDefault.glsl">
      <Filter>Shaders</Filter>
    </None>
    <None Include="Shaders\vertexShaderSphere.glsl">
      <Filter>Shaders</Filter>
    </None>
    <None Include="Shaders\fragmentShaderSphere.glsl">
      <Filter>Shaders</Filter>
    </None>
    <None Include="Shaders\vertexShaderCamera.glsl">
      <Filter>Shaders</Filter>
    </None>
    <None Include="Shaders\fragmentShaderLightingPhong.glsl">
      <Filter>Shaders</Filter>
    </None>
    <None Include="Shaders\vertexShaderLightingPhong.glsl">
      <Filter>Shaders</Filter>
    </None>
    <None Include="Shaders\fragmentShaderLightingLambert.glsl">
      <Filter>Shaders</Filter>
    </None>
    <None Include="Shaders\fragmentShaderPhongMultiple.glsl">
      <Filter>Shaders</Filter>
    </None>
    <None Include="Shaders\fragmentShaderDefault.glsl">
      <Filter>Shaders</Filter>
    </None>
    <None Include="Shaders\fragmentShaderTextureDefault.glsl">
      <Filter>Shaders</Filter>
    </None>
    <None Include="Shaders\vertexShaderDefault.glsl">
      <Filter>Shaders</Filter>
    </None>
    <None Include="Shaders\vertexShaderTextureDefault.glsl">
      <Filter>Shaders</Filter>
    </None>
    <None Include="Shaders\vertexShaderTexturePhong.glsl">
      <Filter>Shaders</Filter>
    </None>
    <None Include="Shaders\fragmentShaderTextureMultiple.glsl">
      <Filter>Shaders</Filter>
    </None>
    <None Include="Shaders\vertexShaderCubemap.glsl">
      <Filter>Shaders</Filter>
    </None>
    <None Include="Shaders\fragmentShaderCubemap.glsl">
      <Filter>Shaders</Filter>
    </None>
  </ItemGroup>
  <ItemGroup>
    <Image Include="resources\Textures\wooden_fence.png">
      <Filter>Resource Files\Textures</Filter>
    </Image>
  </ItemGroup>
</Project>